
Microsoft Visual Studio Solution File, Format Version 12.00
# Visual Studio 15
VisualStudioVersion = 15.0.28307.1525
MinimumVisualStudioVersion = 10.0.40219.1
Project("{FAE04EC0-301F-11D3-BF4B-00C04F79EFBC}") = "styleGANapp", "styleGANapp\styleGANapp.csproj", "{915888AA-C209-472A-8F6B-95B6914EE1A0}"
EndProject
Global
	GlobalSection(SolutionConfigurationPlatforms) = preSolution
		Debug|Any CPU = Debug|Any CPU
		Release|Any CPU = Release|Any CPU
	EndGlobalSection
	GlobalSection(ProjectConfigurationPlatforms) = postSolution
		{915888AA-C209-472A-8F6B-95B6914EE1A0}.Debug|Any CPU.ActiveCfg = Debug|Any CPU
		{915888AA-C209-472A-8F6B-95B6914EE1A0}.Debug|Any CPU.Build.0 = Debug|Any CPU
		{915888AA-C209-472A-8F6B-95B6914EE1A0}.Release|Any CPU.ActiveCfg = Release|Any CPU
		{915888AA-C209-472A-8F6B-95B6914EE1A0}.Release|Any CPU.Build.0 = Release|Any CPU
	EndGlobalSection
	GlobalSection(SolutionProperties) = preSolution
		HideSolutionNode = FALSE
	EndGlobalSection
	GlobalSection(ExtensibilityGlobals) = postSolution
		SolutionGuid = {0D830E19-C19B-4403-BD0E-F5E11575396F}
	EndGlobalSection
EndGlobal
